
Microsoft Visual Studio Solution File, Format Version 12.00
# Visual Studio Version 17
VisualStudioVersion = 17.9.34622.214
MinimumVisualStudioVersion = 10.0.40219.1
Project("{FAE04EC0-301F-11D3-BF4B-00C04F79EFBC}") = "01_MainSubjects", "01_MainSubjects\01_MainSubjects.csproj", "{D1C820E2-25CE-4BD9-A72C-D746DD8ADB56}"
EndProject
Project("{FAE04EC0-301F-11D3-BF4B-00C04F79EFBC}") = "02_Veriables", "02_Veriables\02_Veriables.csproj", "{9BF9BBDA-5957-444A-8159-7199B016CE5A}"
EndProject
Project("{FAE04EC0-301F-11D3-BF4B-00C04F79EFBC}") = "03_MakingDecision", "03_MakingDecision\03_MakingDecision.csproj", "{8A54A48F-53C4-401D-B528-2FB3215620A8}"
EndProject
Project("{FAE04EC0-301F-11D3-BF4B-00C04F79EFBC}") = "04_Loops", "04_Loops\04_Loops.csproj", "{34C7D00C-E7AE-4AF8-9857-ACC41650A2EE}"
EndProject
Project("{FAE04EC0-301F-11D3-BF4B-00C04F79EFBC}") = "05_LoopsWithStars", "05_LoopsWithStars\05_LoopsWithStars.csproj", "{CD9E73CA-9BFF-45FE-940A-6682F8C3D834}"
EndProject
Project("{FAE04EC0-301F-11D3-BF4B-00C04F79EFBC}") = "06_Arrays", "06_Arrays\06_Arrays.csproj", "{C35D21C5-2570-4B0D-9A71-147BF12E6461}"
EndProject
Global
	GlobalSection(SolutionConfigurationPlatforms) = preSolution
		Debug|Any CPU = Debug|Any CPU
		Release|Any CPU = Release|Any CPU
	EndGlobalSection
	GlobalSection(ProjectConfigurationPlatforms) = postSolution
		{D1C820E2-25CE-4BD9-A72C-D746DD8ADB56}.Debug|Any CPU.ActiveCfg = Debug|Any CPU
		{D1C820E2-25CE-4BD9-A72C-D746DD8ADB56}.Debug|Any CPU.Build.0 = Debug|Any CPU
		{D1C820E2-25CE-4BD9-A72C-D746DD8ADB56}.Release|Any CPU.ActiveCfg = Release|Any CPU
		{D1C820E2-25CE-4BD9-A72C-D746DD8ADB56}.Release|Any CPU.Build.0 = Release|Any CPU
		{9BF9BBDA-5957-444A-8159-7199B016CE5A}.Debug|Any CPU.ActiveCfg = Debug|Any CPU
		{9BF9BBDA-5957-444A-8159-7199B016CE5A}.Debug|Any CPU.Build.0 = Debug|Any CPU
		{9BF9BBDA-5957-444A-8159-7199B016CE5A}.Release|Any CPU.ActiveCfg = Release|Any CPU
		{9BF9BBDA-5957-444A-8159-7199B016CE5A}.Release|Any CPU.Build.0 = Release|Any CPU
		{8A54A48F-53C4-401D-B528-2FB3215620A8}.Debug|Any CPU.ActiveCfg = Debug|Any CPU
		{8A54A48F-53C4-401D-B528-2FB3215620A8}.Debug|Any CPU.Build.0 = Debug|Any CPU
		{8A54A48F-53C4-401D-B528-2FB3215620A8}.Release|Any CPU.ActiveCfg = Release|Any CPU
		{8A54A48F-53C4-401D-B528-2FB3215620A8}.Release|Any CPU.Build.0 = Release|Any CPU
		{34C7D00C-E7AE-4AF8-9857-ACC41650A2EE}.Debug|Any CPU.ActiveCfg = Debug|Any CPU
		{34C7D00C-E7AE-4AF8-9857-ACC41650A2EE}.Debug|Any CPU.Build.0 = Debug|Any CPU
		{34C7D00C-E7AE-4AF8-9857-ACC41650A2EE}.Release|Any CPU.ActiveCfg = Release|Any CPU
		{34C7D00C-E7AE-4AF8-9857-ACC41650A2EE}.Release|Any CPU.Build.0 = Release|Any CPU
		{CD9E73CA-9BFF-45FE-940A-6682F8C3D834}.Debug|Any CPU.ActiveCfg = Debug|Any CPU
		{CD9E73CA-9BFF-45FE-940A-6682F8C3D834}.Debug|Any CPU.Build.0 = Debug|Any CPU
		{CD9E73CA-9BFF-45FE-940A-6682F8C3D834}.Release|Any CPU.ActiveCfg = Release|Any CPU
		{CD9E73CA-9BFF-45FE-940A-6682F8C3D834}.Release|Any CPU.Build.0 = Release|Any CPU
		{C35D21C5-2570-4B0D-9A71-147BF12E6461}.Debug|Any CPU.ActiveCfg = Debug|Any CPU
		{C35D21C5-2570-4B0D-9A71-147BF12E6461}.Debug|Any CPU.Build.0 = Debug|Any CPU
		{C35D21C5-2570-4B0D-9A71-147BF12E6461}.Release|Any CPU.ActiveCfg = Release|Any CPU
		{C35D21C5-2570-4B0D-9A71-147BF12E6461}.Release|Any CPU.Build.0 = Release|Any CPU
	EndGlobalSection
	GlobalSection(SolutionProperties) = preSolution
		HideSolutionNode = FALSE
	EndGlobalSection
	GlobalSection(ExtensibilityGlobals) = postSolution
		SolutionGuid = {5C0E92B8-CA18-4717-A942-CCBCEE1377CB}
	EndGlobalSection
EndGlobal
